
Microsoft Visual Studio Solution File, Format Version 12.00
# Visual Studio 14
VisualStudioVersion = 14.0.25420.1
MinimumVisualStudioVersion = 10.0.40219.1
Project("{FAE04EC0-301F-11D3-BF4B-00C04F79EFBC}") = "EvotoApi", "EvotoApi\EvotoApi.csproj", "{D5826079-8615-4F57-B85E-6A3AD1E9F3C5}"
EndProject
Project("{FAE04EC0-301F-11D3-BF4B-00C04F79EFBC}") = "Management.Models", "Management.Models\Management.Models.csproj", "{FB39716F-EE20-4D7C-91C5-D93A67001920}"
EndProject
Project("{FAE04EC0-301F-11D3-BF4B-00C04F79EFBC}") = "Registrar.Models", "Registrar.Models\Registrar.Models.csproj", "{15222185-51FC-49CA-B2A3-B301EB608FAC}"
EndProject
Project("{FAE04EC0-301F-11D3-BF4B-00C04F79EFBC}") = "Management.Database", "Management.Database\Management.Database.csproj", "{88D3380A-A055-48A1-AFDD-9235CED87176}"
EndProject
Project("{FAE04EC0-301F-11D3-BF4B-00C04F79EFBC}") = "Registrar.Database", "Registrar.Database\Registrar.Database.csproj", "{E1AA49E6-A743-4CE5-859F-EEAAC0B716F2}"
EndProject
Project("{FAE04EC0-301F-11D3-BF4B-00C04F79EFBC}") = "Common", "Common\Common.csproj", "{9666F7CF-1941-4D24-8870-395BDD99E607}"
EndProject
Project("{FAE04EC0-301F-11D3-BF4B-00C04F79EFBC}") = "Registrar.Api", "RegistrarApi\Registrar.Api.csproj", "{6B62E201-A898-4E90-87BE-CC66E7AF4FD4}"
EndProject
Global
	GlobalSection(SolutionConfigurationPlatforms) = preSolution
		Debug|Any CPU = Debug|Any CPU
		Release|Any CPU = Release|Any CPU
	EndGlobalSection
	GlobalSection(ProjectConfigurationPlatforms) = postSolution
		{D5826079-8615-4F57-B85E-6A3AD1E9F3C5}.Debug|Any CPU.ActiveCfg = Debug|Any CPU
		{D5826079-8615-4F57-B85E-6A3AD1E9F3C5}.Debug|Any CPU.Build.0 = Debug|Any CPU
		{D5826079-8615-4F57-B85E-6A3AD1E9F3C5}.Release|Any CPU.ActiveCfg = Release|Any CPU
		{D5826079-8615-4F57-B85E-6A3AD1E9F3C5}.Release|Any CPU.Build.0 = Release|Any CPU
		{FB39716F-EE20-4D7C-91C5-D93A67001920}.Debug|Any CPU.ActiveCfg = Debug|Any CPU
		{FB39716F-EE20-4D7C-91C5-D93A67001920}.Debug|Any CPU.Build.0 = Debug|Any CPU
		{FB39716F-EE20-4D7C-91C5-D93A67001920}.Release|Any CPU.ActiveCfg = Release|Any CPU
		{FB39716F-EE20-4D7C-91C5-D93A67001920}.Release|Any CPU.Build.0 = Release|Any CPU
		{15222185-51FC-49CA-B2A3-B301EB608FAC}.Debug|Any CPU.ActiveCfg = Debug|Any CPU
		{15222185-51FC-49CA-B2A3-B301EB608FAC}.Debug|Any CPU.Build.0 = Debug|Any CPU
		{15222185-51FC-49CA-B2A3-B301EB608FAC}.Release|Any CPU.ActiveCfg = Release|Any CPU
		{15222185-51FC-49CA-B2A3-B301EB608FAC}.Release|Any CPU.Build.0 = Release|Any CPU
		{88D3380A-A055-48A1-AFDD-9235CED87176}.Debug|Any CPU.ActiveCfg = Debug|Any CPU
		{88D3380A-A055-48A1-AFDD-9235CED87176}.Debug|Any CPU.Build.0 = Debug|Any CPU
		{88D3380A-A055-48A1-AFDD-9235CED87176}.Release|Any CPU.ActiveCfg = Release|Any CPU
		{88D3380A-A055-48A1-AFDD-9235CED87176}.Release|Any CPU.Build.0 = Release|Any CPU
		{E1AA49E6-A743-4CE5-859F-EEAAC0B716F2}.Debug|Any CPU.ActiveCfg = Debug|Any CPU
		{E1AA49E6-A743-4CE5-859F-EEAAC0B716F2}.Debug|Any CPU.Build.0 = Debug|Any CPU
		{E1AA49E6-A743-4CE5-859F-EEAAC0B716F2}.Release|Any CPU.ActiveCfg = Release|Any CPU
		{E1AA49E6-A743-4CE5-859F-EEAAC0B716F2}.Release|Any CPU.Build.0 = Release|Any CPU
		{9666F7CF-1941-4D24-8870-395BDD99E607}.Debug|Any CPU.ActiveCfg = Debug|Any CPU
		{9666F7CF-1941-4D24-8870-395BDD99E607}.Debug|Any CPU.Build.0 = Debug|Any CPU
		{9666F7CF-1941-4D24-8870-395BDD99E607}.Release|Any CPU.ActiveCfg = Release|Any CPU
		{9666F7CF-1941-4D24-8870-395BDD99E607}.Release|Any CPU.Build.0 = Release|Any CPU
		{6B62E201-A898-4E90-87BE-CC66E7AF4FD4}.Debug|Any CPU.ActiveCfg = Debug|Any CPU
		{6B62E201-A898-4E90-87BE-CC66E7AF4FD4}.Debug|Any CPU.Build.0 = Debug|Any CPU
		{6B62E201-A898-4E90-87BE-CC66E7AF4FD4}.Release|Any CPU.ActiveCfg = Release|Any CPU
		{6B62E201-A898-4E90-87BE-CC66E7AF4FD4}.Release|Any CPU.Build.0 = Release|Any CPU
	EndGlobalSection
	GlobalSection(SolutionProperties) = preSolution
		HideSolutionNode = FALSE
	EndGlobalSection
EndGlobal
